
Microsoft Visual Studio Solution File, Format Version 12.00
# Visual Studio Version 16
VisualStudioVersion = 16.0.31205.134
MinimumVisualStudioVersion = 10.0.40219.1
Project("{FAE04EC0-301F-11D3-BF4B-00C04F79EFBC}") = "Weather.Prism", "Weather.Prism\Weather.Prism\Weather.Prism.csproj", "{A3E3280F-0AFC-4C36-90B5-12E5909C8BD7}"
EndProject
Project("{FAE04EC0-301F-11D3-BF4B-00C04F79EFBC}") = "Weather.Prism.Android", "Weather.Prism\Weather.Prism.Android\Weather.Prism.Android.csproj", "{D5C6AFEA-F42F-48A0-B558-AF6F12AE5014}"
EndProject
Project("{FAE04EC0-301F-11D3-BF4B-00C04F79EFBC}") = "Weather.Prism.iOS", "Weather.Prism\Weather.Prism.iOS\Weather.Prism.iOS.csproj", "{DC0CFF14-9475-4151-9C8E-AE04C7FD22F3}"
EndProject
Global
	GlobalSection(SolutionConfigurationPlatforms) = preSolution
		Ad-Hoc|Any CPU = Ad-Hoc|Any CPU
		Ad-Hoc|iPhone = Ad-Hoc|iPhone
		Ad-Hoc|iPhoneSimulator = Ad-Hoc|iPhoneSimulator
		AppStore|Any CPU = AppStore|Any CPU
		AppStore|iPhone = AppStore|iPhone
		AppStore|iPhoneSimulator = AppStore|iPhoneSimulator
		Debug|Any CPU = Debug|Any CPU
		Debug|iPhone = Debug|iPhone
		Debug|iPhoneSimulator = Debug|iPhoneSimulator
		Release|Any CPU = Release|Any CPU
		Release|iPhone = Release|iPhone
		Release|iPhoneSimulator = Release|iPhoneSimulator
	EndGlobalSection
	GlobalSection(ProjectConfigurationPlatforms) = postSolution
		{A3E3280F-0AFC-4C36-90B5-12E5909C8BD7}.Ad-Hoc|Any CPU.ActiveCfg = Debug|Any CPU
		{A3E3280F-0AFC-4C36-90B5-12E5909C8BD7}.Ad-Hoc|Any CPU.Build.0 = Debug|Any CPU
		{A3E3280F-0AFC-4C36-90B5-12E5909C8BD7}.Ad-Hoc|iPhone.ActiveCfg = Debug|Any CPU
		{A3E3280F-0AFC-4C36-90B5-12E5909C8BD7}.Ad-Hoc|iPhone.Build.0 = Debug|Any CPU
		{A3E3280F-0AFC-4C36-90B5-12E5909C8BD7}.Ad-Hoc|iPhoneSimulator.ActiveCfg = Debug|Any CPU
		{A3E3280F-0AFC-4C36-90B5-12E5909C8BD7}.Ad-Hoc|iPhoneSimulator.Build.0 = Debug|Any CPU
		{A3E3280F-0AFC-4C36-90B5-12E5909C8BD7}.AppStore|Any CPU.ActiveCfg = Debug|Any CPU
		{A3E3280F-0AFC-4C36-90B5-12E5909C8BD7}.AppStore|Any CPU.Build.0 = Debug|Any CPU
		{A3E3280F-0AFC-4C36-90B5-12E5909C8BD7}.AppStore|iPhone.ActiveCfg = Debug|Any CPU
		{A3E3280F-0AFC-4C36-90B5-12E5909C8BD7}.AppStore|iPhone.Build.0 = Debug|Any CPU
		{A3E3280F-0AFC-4C36-90B5-12E5909C8BD7}.AppStore|iPhoneSimulator.ActiveCfg = Debug|Any CPU
		{A3E3280F-0AFC-4C36-90B5-12E5909C8BD7}.AppStore|iPhoneSimulator.Build.0 = Debug|Any CPU
		{A3E3280F-0AFC-4C36-90B5-12E5909C8BD7}.Debug|Any CPU.ActiveCfg = Debug|Any CPU
		{A3E3280F-0AFC-4C36-90B5-12E5909C8BD7}.Debug|Any CPU.Build.0 = Debug|Any CPU
		{A3E3280F-0AFC-4C36-90B5-12E5909C8BD7}.Debug|iPhone.ActiveCfg = Debug|Any CPU
		{A3E3280F-0AFC-4C36-90B5-12E5909C8BD7}.Debug|iPhone.Build.0 = Debug|Any CPU
		{A3E3280F-0AFC-4C36-90B5-12E5909C8BD7}.Debug|iPhoneSimulator.ActiveCfg = Debug|Any CPU
		{A3E3280F-0AFC-4C36-90B5-12E5909C8BD7}.Debug|iPhoneSimulator.Build.0 = Debug|Any CPU
		{A3E3280F-0AFC-4C36-90B5-12E5909C8BD7}.Release|Any CPU.ActiveCfg = Release|Any CPU
		{A3E3280F-0AFC-4C36-90B5-12E5909C8BD7}.Release|Any CPU.Build.0 = Release|Any CPU
		{A3E3280F-0AFC-4C36-90B5-12E5909C8BD7}.Release|iPhone.ActiveCfg = Release|Any CPU
		{A3E3280F-0AFC-4C36-90B5-12E5909C8BD7}.Release|iPhone.Build.0 = Release|Any CPU
		{A3E3280F-0AFC-4C36-90B5-12E5909C8BD7}.Release|iPhoneSimulator.ActiveCfg = Release|Any CPU
		{A3E3280F-0AFC-4C36-90B5-12E5909C8BD7}.Release|iPhoneSimulator.Build.0 = Release|Any CPU
		{D5C6AFEA-F42F-48A0-B558-AF6F12AE5014}.Ad-Hoc|Any CPU.ActiveCfg = Debug|Any CPU
		{D5C6AFEA-F42F-48A0-B558-AF6F12AE5014}.Ad-Hoc|Any CPU.Build.0 = Debug|Any CPU
		{D5C6AFEA-F42F-48A0-B558-AF6F12AE5014}.Ad-Hoc|Any CPU.Deploy.0 = Debug|Any CPU
		{D5C6AFEA-F42F-48A0-B558-AF6F12AE5014}.Ad-Hoc|iPhone.ActiveCfg = Debug|Any CPU
		{D5C6AFEA-F42F-48A0-B558-AF6F12AE5014}.Ad-Hoc|iPhone.Build.0 = Debug|Any CPU
		{D5C6AFEA-F42F-48A0-B558-AF6F12AE5014}.Ad-Hoc|iPhone.Deploy.0 = Debug|Any CPU
		{D5C6AFEA-F42F-48A0-B558-AF6F12AE5014}.Ad-Hoc|iPhoneSimulator.ActiveCfg = Debug|Any CPU
		{D5C6AFEA-F42F-48A0-B558-AF6F12AE5014}.Ad-Hoc|iPhoneSimulator.Build.0 = Debug|Any CPU
		{D5C6AFEA-F42F-48A0-B558-AF6F12AE5014}.Ad-Hoc|iPhoneSimulator.Deploy.0 = Debug|Any CPU
		{D5C6AFEA-F42F-48A0-B558-AF6F12AE5014}.AppStore|Any CPU.ActiveCfg = Debug|Any CPU
		{D5C6AFEA-F42F-48A0-B558-AF6F12AE5014}.AppStore|Any CPU.Build.0 = Debug|Any CPU
		{D5C6AFEA-F42F-48A0-B558-AF6F12AE5014}.AppStore|Any CPU.Deploy.0 = Debug|Any CPU
		{D5C6AFEA-F42F-48A0-B558-AF6F12AE5014}.AppStore|iPhone.ActiveCfg = Debug|Any CPU
		{D5C6AFEA-F42F-48A0-B558-AF6F12AE5014}.AppStore|iPhone.Build.0 = Debug|Any CPU
		{D5C6AFEA-F42F-48A0-B558-AF6F12AE5014}.AppStore|iPhone.Deploy.0 = Debug|Any CPU
		{D5C6AFEA-F42F-48A0-B558-AF6F12AE5014}.AppStore|iPhoneSimulator.ActiveCfg = Debug|Any CPU
		{D5C6AFEA-F42F-48A0-B558-AF6F12AE5014}.AppStore|iPhoneSimulator.Build.0 = Debug|Any CPU
		{D5C6AFEA-F42F-48A0-B558-AF6F12AE5014}.AppStore|iPhoneSimulator.Deploy.0 = Debug|Any CPU
		{D5C6AFEA-F42F-48A0-B558-AF6F12AE5014}.Debug|Any CPU.ActiveCfg = Debug|Any CPU
		{D5C6AFEA-F42F-48A0-B558-AF6F12AE5014}.Debug|Any CPU.Build.0 = Debug|Any CPU
		{D5C6AFEA-F42F-48A0-B558-AF6F12AE5014}.Debug|Any CPU.Deploy.0 = Debug|Any CPU
		{D5C6AFEA-F42F-48A0-B558-AF6F12AE5014}.Debug|iPhone.ActiveCfg = Debug|Any CPU
		{D5C6AFEA-F42F-48A0-B558-AF6F12AE5014}.Debug|iPhone.Build.0 = Debug|Any CPU
		{D5C6AFEA-F42F-48A0-B558-AF6F12AE5014}.Debug|iPhone.Deploy.0 = Debug|Any CPU
		{D5C6AFEA-F42F-48A0-B558-AF6F12AE5014}.Debug|iPhoneSimulator.ActiveCfg = Debug|Any CPU
		{D5C6AFEA-F42F-48A0-B558-AF6F12AE5014}.Debug|iPhoneSimulator.Build.0 = Debug|Any CPU
		{D5C6AFEA-F42F-48A0-B558-AF6F12AE5014}.Debug|iPhoneSimulator.Deploy.0 = Debug|Any CPU
		{D5C6AFEA-F42F-48A0-B558-AF6F12AE5014}.Release|Any CPU.ActiveCfg = Release|Any CPU
		{D5C6AFEA-F42F-48A0-B558-AF6F12AE5014}.Release|Any CPU.Build.0 = Release|Any CPU
		{D5C6AFEA-F42F-48A0-B558-AF6F12AE5014}.Release|Any CPU.Deploy.0 = Release|Any CPU
		{D5C6AFEA-F42F-48A0-B558-AF6F12AE5014}.Release|iPhone.ActiveCfg = Release|Any CPU
		{D5C6AFEA-F42F-48A0-B558-AF6F12AE5014}.Release|iPhone.Build.0 = Release|Any CPU
		{D5C6AFEA-F42F-48A0-B558-AF6F12AE5014}.Release|iPhone.Deploy.0 = Release|Any CPU
		{D5C6AFEA-F42F-48A0-B558-AF6F12AE5014}.Release|iPhoneSimulator.ActiveCfg = Release|Any CPU
		{D5C6AFEA-F42F-48A0-B558-AF6F12AE5014}.Release|iPhoneSimulator.Build.0 = Release|Any CPU
		{D5C6AFEA-F42F-48A0-B558-AF6F12AE5014}.Release|iPhoneSimulator.Deploy.0 = Release|Any CPU
		{DC0CFF14-9475-4151-9C8E-AE04C7FD22F3}.Ad-Hoc|Any CPU.ActiveCfg = Ad-Hoc|iPhoneSimulator
		{DC0CFF14-9475-4151-9C8E-AE04C7FD22F3}.Ad-Hoc|iPhone.ActiveCfg = Ad-Hoc|iPhone
		{DC0CFF14-9475-4151-9C8E-AE04C7FD22F3}.Ad-Hoc|iPhone.Build.0 = Ad-Hoc|iPhone
		{DC0CFF14-9475-4151-9C8E-AE04C7FD22F3}.Ad-Hoc|iPhoneSimulator.ActiveCfg = Ad-Hoc|iPhoneSimulator
		{DC0CFF14-9475-4151-9C8E-AE04C7FD22F3}.Ad-Hoc|iPhoneSimulator.Build.0 = Ad-Hoc|iPhoneSimulator
		{DC0CFF14-9475-4151-9C8E-AE04C7FD22F3}.AppStore|Any CPU.ActiveCfg = AppStore|iPhoneSimulator
		{DC0CFF14-9475-4151-9C8E-AE04C7FD22F3}.AppStore|iPhone.ActiveCfg = AppStore|iPhone
		{DC0CFF14-9475-4151-9C8E-AE04C7FD22F3}.AppStore|iPhone.Build.0 = AppStore|iPhone
		{DC0CFF14-9475-4151-9C8E-AE04C7FD22F3}.AppStore|iPhoneSimulator.ActiveCfg = AppStore|iPhoneSimulator
		{DC0CFF14-9475-4151-9C8E-AE04C7FD22F3}.AppStore|iPhoneSimulator.Build.0 = AppStore|iPhoneSimulator
		{DC0CFF14-9475-4151-9C8E-AE04C7FD22F3}.Debug|Any CPU.ActiveCfg = Debug|iPhoneSimulator
		{DC0CFF14-9475-4151-9C8E-AE04C7FD22F3}.Debug|iPhone.ActiveCfg = Debug|iPhone
		{DC0CFF14-9475-4151-9C8E-AE04C7FD22F3}.Debug|iPhone.Build.0 = Debug|iPhone
		{DC0CFF14-9475-4151-9C8E-AE04C7FD22F3}.Debug|iPhoneSimulator.ActiveCfg = Debug|iPhoneSimulator
		{DC0CFF14-9475-4151-9C8E-AE04C7FD22F3}.Debug|iPhoneSimulator.Build.0 = Debug|iPhoneSimulator
		{DC0CFF14-9475-4151-9C8E-AE04C7FD22F3}.Release|Any CPU.ActiveCfg = Release|iPhoneSimulator
		{DC0CFF14-9475-4151-9C8E-AE04C7FD22F3}.Release|iPhone.ActiveCfg = Release|iPhone
		{DC0CFF14-9475-4151-9C8E-AE04C7FD22F3}.Release|iPhone.Build.0 = Release|iPhone
		{DC0CFF14-9475-4151-9C8E-AE04C7FD22F3}.Release|iPhoneSimulator.ActiveCfg = Release|iPhoneSimulator
		{DC0CFF14-9475-4151-9C8E-AE04C7FD22F3}.Release|iPhoneSimulator.Build.0 = Release|iPhoneSimulator
	EndGlobalSection
	GlobalSection(SolutionProperties) = preSolution
		HideSolutionNode = FALSE
	EndGlobalSection
	GlobalSection(ExtensibilityGlobals) = postSolution
		SolutionGuid = {3C070E3B-8168-4E56-8E1C-9A254FACB399}
	EndGlobalSection
EndGlobal
